// !$*UTF8*$!
{
	archiveVersion = 1;
	classes = {
	};
	objectVersion = 46;
	objects = {

/* Begin PBXBuildFile section */
		F73D04341C3B860C00DC390E /* AppDelegate.swift in Sources */ = {isa = PBXBuildFile; fileRef = F73D04331C3B860C00DC390E /* AppDelegate.swift */; };
		F73D04361C3B860C00DC390E /* ViewController.swift in Sources */ = {isa = PBXBuildFile; fileRef = F73D04351C3B860C00DC390E /* ViewController.swift */; };
		F73D04391C3B860C00DC390E /* Main.storyboard in Resources */ = {isa = PBXBuildFile; fileRef = F73D04371C3B860C00DC390E /* Main.storyboard */; };
		F73D043B1C3B860C00DC390E /* Assets.xcassets in Resources */ = {isa = PBXBuildFile; fileRef = F73D043A1C3B860C00DC390E /* Assets.xcassets */; };
		F73D043E1C3B860C00DC390E /* LaunchScreen.storyboard in Resources */ = {isa = PBXBuildFile; fileRef = F73D043C1C3B860C00DC390E /* LaunchScreen.storyboard */; };
		F73D04491C3B860C00DC390E /* _5_____Tests.swift in Sources */ = {isa = PBXBuildFile; fileRef = F73D04481C3B860C00DC390E /* _5_____Tests.swift */; };
		F73D04541C3B860C00DC390E /* _5_____UITests.swift in Sources */ = {isa = PBXBuildFile; fileRef = F73D04531C3B860C00DC390E /* _5_____UITests.swift */; };
		F7E605D31C3DF9B9007B3BF9 /* sample.csv in Resources */ = {isa = PBXBuildFile; fileRef = F7E605D21C3DF9B9007B3BF9 /* sample.csv */; };
/* End PBXBuildFile section */

/* Begin PBXContainerItemProxy section */
		F73D04451C3B860C00DC390E /* PBXContainerItemProxy */ = {
			isa = PBXContainerItemProxy;
			containerPortal = F73D04281C3B860C00DC390E /* Project object */;
			proxyType = 1;
			remoteGlobalIDString = F73D042F1C3B860C00DC390E;
			remoteInfo = "15パズル";
		};
		F73D04501C3B860C00DC390E /* PBXContainerItemProxy */ = {
			isa = PBXContainerItemProxy;
			containerPortal = F73D04281C3B860C00DC390E /* Project object */;
			proxyType = 1;
			remoteGlobalIDString = F73D042F1C3B860C00DC390E;
			remoteInfo = "15パズル";
		};
/* End PBXContainerItemProxy section */

/* Begin PBXFileReference section */
		F73D04301C3B860C00DC390E /* 15パズル.app */ = {isa = PBXFileReference; explicitFileType = wrapper.application; includeInIndex = 0; path = "15パズル.app"; sourceTree = BUILT_PRODUCTS_DIR; };
		F73D04331C3B860C00DC390E /* AppDelegate.swift */ = {isa = PBXFileReference; lastKnownFileType = sourcecode.swift; path = AppDelegate.swift; sourceTree = "<group>"; };
		F73D04351C3B860C00DC390E /* ViewController.swift */ = {isa = PBXFileReference; lastKnownFileType = sourcecode.swift; path = ViewController.swift; sourceTree = "<group>"; };
		F73D04381C3B860C00DC390E /* Base */ = {isa = PBXFileReference; lastKnownFileType = file.storyboard; name = Base; path = Base.lproj/Main.storyboard; sourceTree = "<group>"; };
		F73D043A1C3B860C00DC390E /* Assets.xcassets */ = {isa = PBXFileReference; lastKnownFileType = folder.assetcatalog; path = Assets.xcassets; sourceTree = "<group>"; };
		F73D043D1C3B860C00DC390E /* Base */ = {isa = PBXFileReference; lastKnownFileType = file.storyboard; name = Base; path = Base.lproj/LaunchScreen.storyboard; sourceTree = "<group>"; };
		F73D043F1C3B860C00DC390E /* Info.plist */ = {isa = PBXFileReference; lastKnownFileType = text.plist.xml; path = Info.plist; sourceTree = "<group>"; };
		F73D04441C3B860C00DC390E /* 15パズルTests.xctest */ = {isa = PBXFileReference; explicitFileType = wrapper.cfbundle; includeInIndex = 0; path = "15パズルTests.xctest"; sourceTree = BUILT_PRODUCTS_DIR; };
		F73D04481C3B860C00DC390E /* _5_____Tests.swift */ = {isa = PBXFileReference; lastKnownFileType = sourcecode.swift; path = "_5_____Tests.swift"; sourceTree = "<group>"; };
		F73D044A1C3B860C00DC390E /* Info.plist */ = {isa = PBXFileReference; lastKnownFileType = text.plist.xml; path = Info.plist; sourceTree = "<group>"; };
		F73D044F1C3B860C00DC390E /* 15パズルUITests.xctest */ = {isa = PBXFileReference; explicitFileType = wrapper.cfbundle; includeInIndex = 0; path = "15パズルUITests.xctest"; sourceTree = BUILT_PRODUCTS_DIR; };
		F73D04531C3B860C00DC390E /* _5_____UITests.swift */ = {isa = PBXFileReference; lastKnownFileType = sourcecode.swift; path = "_5_____UITests.swift"; sourceTree = "<group>"; };
		F73D04551C3B860C00DC390E /* Info.plist */ = {isa = PBXFileReference; lastKnownFileType = text.plist.xml; path = Info.plist; sourceTree = "<group>"; };
		F7E605D21C3DF9B9007B3BF9 /* sample.csv */ = {isa = PBXFileReference; fileEncoding = 4; lastKnownFileType = text; path = sample.csv; sourceTree = "<group>"; };
/* End PBXFileReference section */

/* Begin PBXFrameworksBuildPhase section */
		F73D042D1C3B860C00DC390E /* Frameworks */ = {
			isa = PBXFrameworksBuildPhase;
			buildActionMask = 2147483647;
			files = (
			);
			runOnlyForDeploymentPostprocessing = 0;
		};
		F73D04411C3B860C00DC390E /* Frameworks */ = {
			isa = PBXFrameworksBuildPhase;
			buildActionMask = 2147483647;
			files = (
			);
			runOnlyForDeploymentPostprocessing = 0;
		};
		F73D044C1C3B860C00DC390E /* Frameworks */ = {
			isa = PBXFrameworksBuildPhase;
			buildActionMask = 2147483647;
			files = (
			);
			runOnlyForDeploymentPostprocessing = 0;
		};
/* End PBXFrameworksBuildPhase section */

/* Begin PBXGroup section */
		F73D04271C3B860C00DC390E = {
			isa = PBXGroup;
			children = (
				F73D04321C3B860C00DC390E /* 15パズル */,
				F73D04471C3B860C00DC390E /* 15パズルTests */,
				F73D04521C3B860C00DC390E /* 15パズルUITests */,
				F73D04311C3B860C00DC390E /* Products */,
			);
			sourceTree = "<group>";
		};
		F73D04311C3B860C00DC390E /* Products */ = {
			isa = PBXGroup;
			children = (
				F73D04301C3B860C00DC390E /* 15パズル.app */,
				F73D04441C3B860C00DC390E /* 15パズルTests.xctest */,
				F73D044F1C3B860C00DC390E /* 15パズルUITests.xctest */,
			);
			name = Products;
			sourceTree = "<group>";
		};
		F73D04321C3B860C00DC390E /* 15パズル */ = {
			isa = PBXGroup;
			children = (
				F7E605D21C3DF9B9007B3BF9 /* sample.csv */,
				F73D04331C3B860C00DC390E /* AppDelegate.swift */,
				F73D04351C3B860C00DC390E /* ViewController.swift */,
				F73D04371C3B860C00DC390E /* Main.storyboard */,
				F73D043A1C3B860C00DC390E /* Assets.xcassets */,
				F73D043C1C3B860C00DC390E /* LaunchScreen.storyboard */,
				F73D043F1C3B860C00DC390E /* Info.plist */,
			);
			path = "15パズル";
			sourceTree = "<group>";
		};
		F73D04471C3B860C00DC390E /* 15パズルTests */ = {
			isa = PBXGroup;
			children = (
				F73D04481C3B860C00DC390E /* _5_____Tests.swift */,
				F73D044A1C3B860C00DC390E /* Info.plist */,
			);
			path = "15パズルTests";
			sourceTree = "<group>";
		};
		F73D04521C3B860C00DC390E /* 15パズルUITests */ = {
			isa = PBXGroup;
			children = (
				F73D04531C3B860C00DC390E /* _5_____UITests.swift */,
				F73D04551C3B860C00DC390E /* Info.plist */,
			);
			path = "15パズルUITests";
			sourceTree = "<group>";
		};
/* End PBXGroup section */

/* Begin PBXNativeTarget section */
		F73D042F1C3B860C00DC390E /* 15パズル */ = {
			isa = PBXNativeTarget;
			buildConfigurationList = F73D04581C3B860C00DC390E /* Build configuration list for PBXNativeTarget "15パズル" */;
			buildPhases = (
				F73D042C1C3B860C00DC390E /* Sources */,
				F73D042D1C3B860C00DC390E /* Frameworks */,
				F73D042E1C3B860C00DC390E /* Resources */,
			);
			buildRules = (
			);
			dependencies = (
			);
			name = "15パズル";
			productName = "15パズル";
			productReference = F73D04301C3B860C00DC390E /* 15パズル.app */;
			productType = "com.apple.product-type.application";
		};
		F73D04431C3B860C00DC390E /* 15パズルTests */ = {
			isa = PBXNativeTarget;
			buildConfigurationList = F73D045B1C3B860C00DC390E /* Build configuration list for PBXNativeTarget "15パズルTests" */;
			buildPhases = (
				F73D04401C3B860C00DC390E /* Sources */,
				F73D04411C3B860C00DC390E /* Frameworks */,
				F73D04421C3B860C00DC390E /* Resources */,
			);
			buildRules = (
			);
			dependencies = (
				F73D04461C3B860C00DC390E /* PBXTargetDependency */,
			);
			name = "15パズルTests";
			productName = "15パズルTests";
			productReference = F73D04441C3B860C00DC390E /* 15パズルTests.xctest */;
			productType = "com.apple.product-type.bundle.unit-test";
		};
		F73D044E1C3B860C00DC390E /* 15パズルUITests */ = {
			isa = PBXNativeTarget;
			buildConfigurationList = F73D045E1C3B860C00DC390E /* Build configuration list for PBXNativeTarget "15パズルUITests" */;
			buildPhases = (
				F73D044B1C3B860C00DC390E /* Sources */,
				F73D044C1C3B860C00DC390E /* Frameworks */,
				F73D044D1C3B860C00DC390E /* Resources */,
			);
			buildRules = (
			);
			dependencies = (
				F73D04511C3B860C00DC390E /* PBXTargetDependency */,
			);
			name = "15パズルUITests";
			productName = "15パズルUITests";
			productReference = F73D044F1C3B860C00DC390E /* 15パズルUITests.xctest */;
			productType = "com.apple.product-type.bundle.ui-testing";
		};
/* End PBXNativeTarget section */

/* Begin PBXProject section */
		F73D04281C3B860C00DC390E /* Project object */ = {
			isa = PBXProject;
			attributes = {
				LastSwiftUpdateCheck = 0710;
				LastUpgradeCheck = 0710;
				ORGANIZATIONNAME = mycompany;
				TargetAttributes = {
					F73D042F1C3B860C00DC390E = {
						CreatedOnToolsVersion = 7.1.1;
						DevelopmentTeam = 6TJ29YC9LD;
					};
					F73D04431C3B860C00DC390E = {
						CreatedOnToolsVersion = 7.1.1;
						DevelopmentTeam = 6TJ29YC9LD;
						TestTargetID = F73D042F1C3B860C00DC390E;
					};
					F73D044E1C3B860C00DC390E = {
						CreatedOnToolsVersion = 7.1.1;
						DevelopmentTeam = 6TJ29YC9LD;
						TestTargetID = F73D042F1C3B860C00DC390E;
					};
				};
			};
			buildConfigurationList = F73D042B1C3B860C00DC390E /* Build configuration list for PBXProject "15パズル" */;
			compatibilityVersion = "Xcode 3.2";
			developmentRegion = English;
			hasScannedForEncodings = 0;
			knownRegions = (
				en,
				Base,
			);
			mainGroup = F73D04271C3B860C00DC390E;
			productRefGroup = F73D04311C3B860C00DC390E /* Products */;
			projectDirPath = "";
			projectRoot = "";
			targets = (
				F73D042F1C3B860C00DC390E /* 15パズル */,
				F73D04431C3B860C00DC390E /* 15パズルTests */,
				F73D044E1C3B860C00DC390E /* 15パズルUITests */,
			);
		};
/* End PBXProject section */

/* Begin PBXResourcesBuildPhase section */
		F73D042E1C3B860C00DC390E /* Resources */ = {
			isa = PBXResourcesBuildPhase;
			buildActionMask = 2147483647;
			files = (
				F73D043E1C3B860C00DC390E /* LaunchScreen.storyboard in Resources */,
				F73D043B1C3B860C00DC390E /* Assets.xcassets in Resources */,
				F7E605D31C3DF9B9007B3BF9 /* sample.csv in Resources */,
				F73D04391C3B860C00DC390E /* Main.storyboard in Resources */,
			);
			runOnlyForDeploymentPostprocessing = 0;
		};
		F73D04421C3B860C00DC390E /* Resources */ = {
			isa = PBXResourcesBuildPhase;
			buildActionMask = 2147483647;
			files = (
			);
			runOnlyForDeploymentPostprocessing = 0;
		};
		F73D044D1C3B860C00DC390E /* Resources */ = {
			isa = PBXResourcesBuildPhase;
			buildActionMask = 2147483647;
			files = (
			);
			runOnlyForDeploymentPostprocessing = 0;
		};
/* End PBXResourcesBuildPhase section */

/* Begin PBXSourcesBuildPhase section */
		F73D042C1C3B860C00DC390E /* Sources */ = {
			isa = PBXSourcesBuildPhase;
			buildActionMask = 2147483647;
			files = (
				F73D04361C3B860C00DC390E /* ViewController.swift in Sources */,
				F73D04341C3B860C00DC390E /* AppDelegate.swift in Sources */,
			);
			runOnlyForDeploymentPostprocessing = 0;
		};
		F73D04401C3B860C00DC390E /* Sources */ = {
			isa = PBXSourcesBuildPhase;
			buildActionMask = 2147483647;
			files = (
				F73D04491C3B860C00DC390E /* _5_____Tests.swift in Sources */,
			);
			runOnlyForDeploymentPostprocessing = 0;
		};
		F73D044B1C3B860C00DC390E /* Sources */ = {
			isa = PBXSourcesBuildPhase;
			buildActionMask = 2147483647;
			files = (
				F73D04541C3B860C00DC390E /* _5_____UITests.swift in Sources */,
			);
			runOnlyForDeploymentPostprocessing = 0;
		};
/* End PBXSourcesBuildPhase section */

/* Begin PBXTargetDependency section */
		F73D04461C3B860C00DC390E /* PBXTargetDependency */ = {
			isa = PBXTargetDependency;
			target = F73D042F1C3B860C00DC390E /* 15パズル */;
			targetProxy = F73D04451C3B860C00DC390E /* PBXContainerItemProxy */;
		};
		F73D04511C3B860C00DC390E /* PBXTargetDependency */ = {
			isa = PBXTargetDependency;
			target = F73D042F1C3B860C00DC390E /* 15パズル */;
			targetProxy = F73D04501C3B860C00DC390E /* PBXContainerItemProxy */;
		};
/* End PBXTargetDependency section */

/* Begin PBXVariantGroup section */
		F73D04371C3B860C00DC390E /* Main.storyboard */ = {
			isa = PBXVariantGroup;
			children = (
				F73D04381C3B860C00DC390E /* Base */,
			);
			name = Main.storyboard;
			sourceTree = "<group>";
		};
		F73D043C1C3B860C00DC390E /* LaunchScreen.storyboard */ = {
			isa = PBXVariantGroup;
			children = (
				F73D043D1C3B860C00DC390E /* Base */,
			);
			name = LaunchScreen.storyboard;
			sourceTree = "<group>";
		};
/* End PBXVariantGroup section */

/* Begin XCBuildConfiguration section */
		F73D04561C3B860C00DC390E /* Debug */ = {
			isa = XCBuildConfiguration;
			buildSettings = {
				ALWAYS_SEARCH_USER_PATHS = NO;
				CLANG_CXX_LANGUAGE_STANDARD = "gnu++0x";
				CLANG_CXX_LIBRARY = "libc++";
				CLANG_ENABLE_MODULES = YES;
				CLANG_ENABLE_OBJC_ARC = YES;
				CLANG_WARN_BOOL_CONVERSION = YES;
				CLANG_WARN_CONSTANT_CONVERSION = YES;
				CLANG_WARN_DIRECT_OBJC_ISA_USAGE = YES_ERROR;
				CLANG_WARN_EMPTY_BODY = YES;
				CLANG_WARN_ENUM_CONVERSION = YES;
				CLANG_WARN_INT_CONVERSION = YES;
				CLANG_WARN_OBJC_ROOT_CLASS = YES_ERROR;
				CLANG_WARN_UNREACHABLE_CODE = YES;
				CLANG_WARN__DUPLICATE_METHOD_MATCH = YES;
				"CODE_SIGN_IDENTITY[sdk=iphoneos*]" = "iPhone Developer";
				COPY_PHASE_STRIP = NO;
				DEBUG_INFORMATION_FORMAT = dwarf;
				ENABLE_STRICT_OBJC_MSGSEND = YES;
				ENABLE_TESTABILITY = YES;
				GCC_C_LANGUAGE_STANDARD = gnu99;
				GCC_DYNAMIC_NO_PIC = NO;
				GCC_NO_COMMON_BLOCKS = YES;
				GCC_OPTIMIZATION_LEVEL = 0;
				GCC_PREPROCESSOR_DEFINITIONS = (
					"DEBUG=1",
					"$(inherited)",
				);
				GCC_WARN_64_TO_32_BIT_CONVERSION = YES;
				GCC_WARN_ABOUT_RETURN_TYPE = YES_ERROR;
				GCC_WARN_UNDECLARED_SELECTOR = YES;
				GCC_WARN_UNINITIALIZED_AUTOS = YES_AGGRESSIVE;
				GCC_WARN_UNUSED_FUNCTION = YES;
				GCC_WARN_UNUSED_VARIABLE = YES;
				IPHONEOS_DEPLOYMENT_TARGET = 9.1;
				MTL_ENABLE_DEBUG_INFO = YES;
				ONLY_ACTIVE_ARCH = YES;
				SDKROOT = iphoneos;
				SWIFT_OPTIMIZATION_LEVEL = "-Onone";
				TARGETED_DEVICE_FAMILY = 2;
			};
			name = Debug;
		};
		F73D04571C3B860C00DC390E /* Release */ = {
			isa = XCBuildConfiguration;
			buildSettings = {
				ALWAYS_SEARCH_USER_PATHS = NO;
				CLANG_CXX_LANGUAGE_STANDARD = "gnu++0x";
				CLANG_CXX_LIBRARY = "libc++";
				CLANG_ENABLE_MODULES = YES;
				CLANG_ENABLE_OBJC_ARC = YES;
				CLANG_WARN_BOOL_CONVERSION = YES;
				CLANG_WARN_CONSTANT_CONVERSION = YES;
				CLANG_WARN_DIRECT_OBJC_ISA_USAGE = YES_ERROR;
				CLANG_WARN_EMPTY_BODY = YES;
				CLANG_WARN_ENUM_CONVERSION = YES;
				CLANG_WARN_INT_CONVERSION = YES;
				CLANG_WARN_OBJC_ROOT_CLASS = YES_ERROR;
				CLANG_WARN_UNREACHABLE_CODE = YES;
				CLANG_WARN__DUPLICATE_METHOD_MATCH = YES;
				"CODE_SIGN_IDENTITY[sdk=iphoneos*]" = "iPhone Developer";
				COPY_PHASE_STRIP = NO;
				DEBUG_INFORMATION_FORMAT = "dwarf-with-dsym";
				ENABLE_NS_ASSERTIONS = NO;
				ENABLE_STRICT_OBJC_MSGSEND = YES;
				GCC_C_LANGUAGE_STANDARD = gnu99;
				GCC_NO_COMMON_BLOCKS = YES;
				GCC_WARN_64_TO_32_BIT_CONVERSION = YES;
				GCC_WARN_ABOUT_RETURN_TYPE = YES_ERROR;
				GCC_WARN_UNDECLARED_SELECTOR = YES;
				GCC_WARN_UNINITIALIZED_AUTOS = YES_AGGRESSIVE;
				GCC_WARN_UNUSED_FUNCTION = YES;
				GCC_WARN_UNUSED_VARIABLE = YES;
				IPHONEOS_DEPLOYMENT_TARGET = 9.1;
				MTL_ENABLE_DEBUG_INFO = NO;
				SDKROOT = iphoneos;
				TARGETED_DEVICE_FAMILY = 2;
				VALIDATE_PRODUCT = YES;
			};
			name = Release;
		};
		F73D04591C3B860C00DC390E /* Debug */ = {
			isa = XCBuildConfiguration;
			buildSettings = {
				ASSETCATALOG_COMPILER_APPICON_NAME = AppIcon;
				INFOPLIST_FILE = "15パズル/Info.plist";
				LD_RUNPATH_SEARCH_PATHS = "$(inherited) @executable_path/Frameworks";
				PRODUCT_BUNDLE_IDENTIFIER = "com.mycompany.-5-----";
				PRODUCT_NAME = "$(TARGET_NAME)";
			};
			name = Debug;
		};
		F73D045A1C3B860C00DC390E /* Release */ = {
			isa = XCBuildConfiguration;
			buildSettings = {
				ASSETCATALOG_COMPILER_APPICON_NAME = AppIcon;
				INFOPLIST_FILE = "15パズル/Info.plist";
				LD_RUNPATH_SEARCH_PATHS = "$(inherited) @executable_path/Frameworks";
				PRODUCT_BUNDLE_IDENTIFIER = "com.mycompany.-5-----";
				PRODUCT_NAME = "$(TARGET_NAME)";
			};
			name = Release;
		};
		F73D045C1C3B860C00DC390E /* Debug */ = {
			isa = XCBuildConfiguration;
			buildSettings = {
				BUNDLE_LOADER = "$(TEST_HOST)";
				INFOPLIST_FILE = "15パズルTests/Info.plist";
				LD_RUNPATH_SEARCH_PATHS = "$(inherited) @executable_path/Frameworks @loader_path/Frameworks";
				PRODUCT_BUNDLE_IDENTIFIER = "com.mycompany.-5-----Tests";
				PRODUCT_NAME = "$(TARGET_NAME)";
				TEST_HOST = "$(BUILT_PRODUCTS_DIR)/15パズル.app/15パズル";
			};
			name = Debug;
		};
		F73D045D1C3B860C00DC390E /* Release */ = {
			isa = XCBuildConfiguration;
			buildSettings = {
				BUNDLE_LOADER = "$(TEST_HOST)";
				INFOPLIST_FILE = "15パズルTests/Info.plist";
				LD_RUNPATH_SEARCH_PATHS = "$(inherited) @executable_path/Frameworks @loader_path/Frameworks";
				PRODUCT_BUNDLE_IDENTIFIER = "com.mycompany.-5-----Tests";
				PRODUCT_NAME = "$(TARGET_NAME)";
				TEST_HOST = "$(BUILT_PRODUCTS_DIR)/15パズル.app/15パズル";
			};
			name = Release;
		};
		F73D045F1C3B860C00DC390E /* Debug */ = {
			isa = XCBuildConfiguration;
			buildSettings = {
				INFOPLIST_FILE = "15パズルUITests/Info.plist";
				LD_RUNPATH_SEARCH_PATHS = "$(inherited) @executable_path/Frameworks @loader_path/Frameworks";
				PRODUCT_BUNDLE_IDENTIFIER = "com.mycompany.-5-----UITests";
				PRODUCT_NAME = "$(TARGET_NAME)";
				TEST_TARGET_NAME = "15パズル";
				USES_XCTRUNNER = YES;
			};
			name = Debug;
		};
		F73D04601C3B860C00DC390E /* Release */ = {
			isa = XCBuildConfiguration;
			buildSettings = {
				INFOPLIST_FILE = "15パズルUITests/Info.plist";
				LD_RUNPATH_SEARCH_PATHS = "$(inherited) @executable_path/Frameworks @loader_path/Frameworks";
				PRODUCT_BUNDLE_IDENTIFIER = "com.mycompany.-5-----UITests";
				PRODUCT_NAME = "$(TARGET_NAME)";
				TEST_TARGET_NAME = "15パズル";
				USES_XCTRUNNER = YES;
			};
			name = Release;
		};
/* End XCBuildConfiguration section */

/* Begin XCConfigurationList section */
		F73D042B1C3B860C00DC390E /* Build configuration list for PBXProject "15パズル" */ = {
			isa = XCConfigurationList;
			buildConfigurations = (
				F73D04561C3B860C00DC390E /* Debug */,
				F73D04571C3B860C00DC390E /* Release */,
			);
			defaultConfigurationIsVisible = 0;
			defaultConfigurationName = Release;
		};
		F73D04581C3B860C00DC390E /* Build configuration list for PBXNativeTarget "15パズル" */ = {
			isa = XCConfigurationList;
			buildConfigurations = (
				F73D04591C3B860C00DC390E /* Debug */,
				F73D045A1C3B860C00DC390E /* Release */,
			);
			defaultConfigurationIsVisible = 0;
			defaultConfigurationName = Release;
		};
		F73D045B1C3B860C00DC390E /* Build configuration list for PBXNativeTarget "15パズルTests" */ = {
			isa = XCConfigurationList;
			buildConfigurations = (
				F73D045C1C3B860C00DC390E /* Debug */,
				F73D045D1C3B860C00DC390E /* Release */,
			);
			defaultConfigurationIsVisible = 0;
			defaultConfigurationName = Release;
		};
		F73D045E1C3B860C00DC390E /* Build configuration list for PBXNativeTarget "15パズルUITests" */ = {
			isa = XCConfigurationList;
			buildConfigurations = (
				F73D045F1C3B860C00DC390E /* Debug */,
				F73D04601C3B860C00DC390E /* Release */,
			);
			defaultConfigurationIsVisible = 0;
			defaultConfigurationName = Release;
		};
/* End XCConfigurationList section */
	};
	rootObject = F73D04281C3B860C00DC390E /* Project object */;
}
